
Microsoft Visual Studio Solution File, Format Version 12.00
# Visual Studio Version 16
VisualStudioVersion = 16.0.29201.188
MinimumVisualStudioVersion = 10.0.40219.1
Project("{9A19103F-16F7-4668-BE54-9A1E7A4F7556}") = "Rationals.Base", "src\Rationals.Base\Rationals.Base.csproj", "{978CA9F3-9898-4140-9FDE-2139FE314488}"
EndProject
Project("{9A19103F-16F7-4668-BE54-9A1E7A4F7556}") = "Tests.Base", "src\Tests.Base\Tests.Base.csproj", "{DCADDA6D-0036-46F6-8A38-174640F8FEB3}"
EndProject
Project("{2150E333-8FDC-42A3-9474-1A3956D46DE8}") = "Tests", "Tests", "{73B2357C-7AF7-447B-A155-F24A59BB45AD}"
EndProject
Project("{9A19103F-16F7-4668-BE54-9A1E7A4F7556}") = "Rationals.Base.UnitTests", "tests\Rationals.Base.UnitTests\Rationals.Base.UnitTests.csproj", "{F1516D44-DE6E-4998-B4A6-FBDC31F21292}"
EndProject
Project("{9A19103F-16F7-4668-BE54-9A1E7A4F7556}") = "UnitTests.Run", "tests\UnitTests.Run\UnitTests.Run.csproj", "{98712D8D-86D4-4269-A570-C375A92D5B72}"
EndProject
Project("{2150E333-8FDC-42A3-9474-1A3956D46DE8}") = "Samples", "Samples", "{1C102D26-66C5-4CFE-AE57-814C6E62D0D6}"
EndProject
Project("{9A19103F-16F7-4668-BE54-9A1E7A4F7556}") = "Rationals.Samples", "samples\Rationals.Samples\Rationals.Samples.csproj", "{8792DDB1-845C-438B-8299-84E37DAC7186}"
EndProject
Project("{9A19103F-16F7-4668-BE54-9A1E7A4F7556}") = "Rationals.Midi", "src\Rationals.Midi\Rationals.Midi.csproj", "{CA1A0755-7D7C-45D5-911E-41C1B4B0858F}"
EndProject
Project("{9A19103F-16F7-4668-BE54-9A1E7A4F7556}") = "Rationals.Audio.Samples", "samples\Rationals.Audio.Samples\Rationals.Audio.Samples.csproj", "{E023F3D2-267B-4BFB-A3EB-87AAC8D20BFC}"
EndProject
Project("{9A19103F-16F7-4668-BE54-9A1E7A4F7556}") = "Rationals.Wave", "src\Rationals.Wave\Rationals.Wave.csproj", "{AF05C4E7-A3B5-4BB2-A077-EF41EBAF623D}"
EndProject
Project("{9A19103F-16F7-4668-BE54-9A1E7A4F7556}") = "TowerOfHanoi", "samples\TowerOfHanoi\TowerOfHanoi.csproj", "{DD617AF6-8DFC-40B0-AEDF-3AF97AC148E9}"
EndProject
Project("{9A19103F-16F7-4668-BE54-9A1E7A4F7556}") = "IntegersColored", "samples\IntegersColored\IntegersColored.csproj", "{0315A603-1DC2-4C4C-829F-2DC9DD58015E}"
EndProject
Project("{9A19103F-16F7-4668-BE54-9A1E7A4F7556}") = "IntegersColoredWin", "samples\IntegersColoredWin\IntegersColoredWin.csproj", "{E82324F4-38A9-44C4-BEB6-8A7DAFDBC4CE}"
EndProject
Project("{2150E333-8FDC-42A3-9474-1A3956D46DE8}") = "IntegersColored", "IntegersColored", "{E9C1DE7B-A096-4CB1-916B-DDEE91ED2C7E}"
EndProject
Project("{2150E333-8FDC-42A3-9474-1A3956D46DE8}") = "ChordShaker", "ChordShaker", "{D566A71B-556E-4FAE-9F5A-5F0AB9BBF2E6}"
EndProject
Project("{9A19103F-16F7-4668-BE54-9A1E7A4F7556}") = "ChordShaker", "samples\ChordShaker\ChordShaker.csproj", "{67A84C9F-BBC1-4C3F-86C0-2AA5DEDCD49B}"
EndProject
Project("{9A19103F-16F7-4668-BE54-9A1E7A4F7556}") = "Torec.Channel", "src\Torec.Channel\Torec.Channel.csproj", "{088603C5-1C4C-4466-B8C4-5614A51642D6}"
EndProject
Project("{9A19103F-16F7-4668-BE54-9A1E7A4F7556}") = "Torec.Drawing", "src\Torec.Drawing\Torec.Drawing.csproj", "{0C303110-D3D0-4E6B-B119-FAAAE3EC5651}"
EndProject
Project("{9A19103F-16F7-4668-BE54-9A1E7A4F7556}") = "Torec.Timeline", "src\Torec.Timeline\Torec.Timeline.csproj", "{B2A14691-D96F-4375-8534-AEE8A3EC1CD3}"
EndProject
Project("{9A19103F-16F7-4668-BE54-9A1E7A4F7556}") = "Torec.UI", "src\Torec.UI\Torec.UI.csproj", "{0B66219F-D844-48BE-8FD0-1ED223EB1F43}"
EndProject
Project("{9A19103F-16F7-4668-BE54-9A1E7A4F7556}") = "Torec.UI.Win", "src\Torec.UI.Win\Torec.UI.Win.csproj", "{9FB9C954-D4B7-437B-93FD-33D6E60E7974}"
EndProject
Project("{9A19103F-16F7-4668-BE54-9A1E7A4F7556}") = "Rationals.GridDrawer", "src\Rationals.GridDrawer\Rationals.GridDrawer.csproj", "{8BA3129B-2FFE-4E29-A328-7919049A05F1}"
EndProject
Project("{9A19103F-16F7-4668-BE54-9A1E7A4F7556}") = "TriTree", "samples\TriTree\TriTree.csproj", "{C24687E8-4628-4761-B03E-2895328C0C59}"
EndProject
Global
	GlobalSection(SolutionConfigurationPlatforms) = preSolution
		Debug|Any CPU = Debug|Any CPU
		Release|Any CPU = Release|Any CPU
	EndGlobalSection
	GlobalSection(ProjectConfigurationPlatforms) = postSolution
		{978CA9F3-9898-4140-9FDE-2139FE314488}.Debug|Any CPU.ActiveCfg = Debug|Any CPU
		{978CA9F3-9898-4140-9FDE-2139FE314488}.Debug|Any CPU.Build.0 = Debug|Any CPU
		{978CA9F3-9898-4140-9FDE-2139FE314488}.Release|Any CPU.ActiveCfg = Release|Any CPU
		{978CA9F3-9898-4140-9FDE-2139FE314488}.Release|Any CPU.Build.0 = Release|Any CPU
		{DCADDA6D-0036-46F6-8A38-174640F8FEB3}.Debug|Any CPU.ActiveCfg = Debug|Any CPU
		{DCADDA6D-0036-46F6-8A38-174640F8FEB3}.Debug|Any CPU.Build.0 = Debug|Any CPU
		{DCADDA6D-0036-46F6-8A38-174640F8FEB3}.Release|Any CPU.ActiveCfg = Release|Any CPU
		{DCADDA6D-0036-46F6-8A38-174640F8FEB3}.Release|Any CPU.Build.0 = Release|Any CPU
		{F1516D44-DE6E-4998-B4A6-FBDC31F21292}.Debug|Any CPU.ActiveCfg = Debug|Any CPU
		{F1516D44-DE6E-4998-B4A6-FBDC31F21292}.Debug|Any CPU.Build.0 = Debug|Any CPU
		{F1516D44-DE6E-4998-B4A6-FBDC31F21292}.Release|Any CPU.ActiveCfg = Release|Any CPU
		{F1516D44-DE6E-4998-B4A6-FBDC31F21292}.Release|Any CPU.Build.0 = Release|Any CPU
		{98712D8D-86D4-4269-A570-C375A92D5B72}.Debug|Any CPU.ActiveCfg = Debug|Any CPU
		{98712D8D-86D4-4269-A570-C375A92D5B72}.Debug|Any CPU.Build.0 = Debug|Any CPU
		{98712D8D-86D4-4269-A570-C375A92D5B72}.Release|Any CPU.ActiveCfg = Release|Any CPU
		{98712D8D-86D4-4269-A570-C375A92D5B72}.Release|Any CPU.Build.0 = Release|Any CPU
		{8792DDB1-845C-438B-8299-84E37DAC7186}.Debug|Any CPU.ActiveCfg = Debug|Any CPU
		{8792DDB1-845C-438B-8299-84E37DAC7186}.Debug|Any CPU.Build.0 = Debug|Any CPU
		{8792DDB1-845C-438B-8299-84E37DAC7186}.Release|Any CPU.ActiveCfg = Release|Any CPU
		{8792DDB1-845C-438B-8299-84E37DAC7186}.Release|Any CPU.Build.0 = Release|Any CPU
		{CA1A0755-7D7C-45D5-911E-41C1B4B0858F}.Debug|Any CPU.ActiveCfg = Debug|Any CPU
		{CA1A0755-7D7C-45D5-911E-41C1B4B0858F}.Debug|Any CPU.Build.0 = Debug|Any CPU
		{CA1A0755-7D7C-45D5-911E-41C1B4B0858F}.Release|Any CPU.ActiveCfg = Release|Any CPU
		{CA1A0755-7D7C-45D5-911E-41C1B4B0858F}.Release|Any CPU.Build.0 = Release|Any CPU
		{E023F3D2-267B-4BFB-A3EB-87AAC8D20BFC}.Debug|Any CPU.ActiveCfg = Debug|Any CPU
		{E023F3D2-267B-4BFB-A3EB-87AAC8D20BFC}.Debug|Any CPU.Build.0 = Debug|Any CPU
		{E023F3D2-267B-4BFB-A3EB-87AAC8D20BFC}.Release|Any CPU.ActiveCfg = Release|Any CPU
		{E023F3D2-267B-4BFB-A3EB-87AAC8D20BFC}.Release|Any CPU.Build.0 = Release|Any CPU
		{AF05C4E7-A3B5-4BB2-A077-EF41EBAF623D}.Debug|Any CPU.ActiveCfg = Debug|Any CPU
		{AF05C4E7-A3B5-4BB2-A077-EF41EBAF623D}.Debug|Any CPU.Build.0 = Debug|Any CPU
		{AF05C4E7-A3B5-4BB2-A077-EF41EBAF623D}.Release|Any CPU.ActiveCfg = Release|Any CPU
		{AF05C4E7-A3B5-4BB2-A077-EF41EBAF623D}.Release|Any CPU.Build.0 = Release|Any CPU
		{DD617AF6-8DFC-40B0-AEDF-3AF97AC148E9}.Debug|Any CPU.ActiveCfg = Debug|Any CPU
		{DD617AF6-8DFC-40B0-AEDF-3AF97AC148E9}.Debug|Any CPU.Build.0 = Debug|Any CPU
		{DD617AF6-8DFC-40B0-AEDF-3AF97AC148E9}.Release|Any CPU.ActiveCfg = Release|Any CPU
		{DD617AF6-8DFC-40B0-AEDF-3AF97AC148E9}.Release|Any CPU.Build.0 = Release|Any CPU
		{0315A603-1DC2-4C4C-829F-2DC9DD58015E}.Debug|Any CPU.ActiveCfg = Debug|Any CPU
		{0315A603-1DC2-4C4C-829F-2DC9DD58015E}.Debug|Any CPU.Build.0 = Debug|Any CPU
		{0315A603-1DC2-4C4C-829F-2DC9DD58015E}.Release|Any CPU.ActiveCfg = Release|Any CPU
		{0315A603-1DC2-4C4C-829F-2DC9DD58015E}.Release|Any CPU.Build.0 = Release|Any CPU
		{E82324F4-38A9-44C4-BEB6-8A7DAFDBC4CE}.Debug|Any CPU.ActiveCfg = Debug|Any CPU
		{E82324F4-38A9-44C4-BEB6-8A7DAFDBC4CE}.Debug|Any CPU.Build.0 = Debug|Any CPU
		{E82324F4-38A9-44C4-BEB6-8A7DAFDBC4CE}.Release|Any CPU.ActiveCfg = Release|Any CPU
		{E82324F4-38A9-44C4-BEB6-8A7DAFDBC4CE}.Release|Any CPU.Build.0 = Release|Any CPU
		{67A84C9F-BBC1-4C3F-86C0-2AA5DEDCD49B}.Debug|Any CPU.ActiveCfg = Debug|Any CPU
		{67A84C9F-BBC1-4C3F-86C0-2AA5DEDCD49B}.Debug|Any CPU.Build.0 = Debug|Any CPU
		{67A84C9F-BBC1-4C3F-86C0-2AA5DEDCD49B}.Release|Any CPU.ActiveCfg = Release|Any CPU
		{67A84C9F-BBC1-4C3F-86C0-2AA5DEDCD49B}.Release|Any CPU.Build.0 = Release|Any CPU
		{088603C5-1C4C-4466-B8C4-5614A51642D6}.Debug|Any CPU.ActiveCfg = Debug|Any CPU
		{088603C5-1C4C-4466-B8C4-5614A51642D6}.Debug|Any CPU.Build.0 = Debug|Any CPU
		{088603C5-1C4C-4466-B8C4-5614A51642D6}.Release|Any CPU.ActiveCfg = Release|Any CPU
		{088603C5-1C4C-4466-B8C4-5614A51642D6}.Release|Any CPU.Build.0 = Release|Any CPU
		{0C303110-D3D0-4E6B-B119-FAAAE3EC5651}.Debug|Any CPU.ActiveCfg = Debug|Any CPU
		{0C303110-D3D0-4E6B-B119-FAAAE3EC5651}.Debug|Any CPU.Build.0 = Debug|Any CPU
		{0C303110-D3D0-4E6B-B119-FAAAE3EC5651}.Release|Any CPU.ActiveCfg = Release|Any CPU
		{0C303110-D3D0-4E6B-B119-FAAAE3EC5651}.Release|Any CPU.Build.0 = Release|Any CPU
		{B2A14691-D96F-4375-8534-AEE8A3EC1CD3}.Debug|Any CPU.ActiveCfg = Debug|Any CPU
		{B2A14691-D96F-4375-8534-AEE8A3EC1CD3}.Debug|Any CPU.Build.0 = Debug|Any CPU
		{B2A14691-D96F-4375-8534-AEE8A3EC1CD3}.Release|Any CPU.ActiveCfg = Release|Any CPU
		{B2A14691-D96F-4375-8534-AEE8A3EC1CD3}.Release|Any CPU.Build.0 = Release|Any CPU
		{0B66219F-D844-48BE-8FD0-1ED223EB1F43}.Debug|Any CPU.ActiveCfg = Debug|Any CPU
		{0B66219F-D844-48BE-8FD0-1ED223EB1F43}.Debug|Any CPU.Build.0 = Debug|Any CPU
		{0B66219F-D844-48BE-8FD0-1ED223EB1F43}.Release|Any CPU.ActiveCfg = Release|Any CPU
		{0B66219F-D844-48BE-8FD0-1ED223EB1F43}.Release|Any CPU.Build.0 = Release|Any CPU
		{9FB9C954-D4B7-437B-93FD-33D6E60E7974}.Debug|Any CPU.ActiveCfg = Debug|Any CPU
		{9FB9C954-D4B7-437B-93FD-33D6E60E7974}.Debug|Any CPU.Build.0 = Debug|Any CPU
		{9FB9C954-D4B7-437B-93FD-33D6E60E7974}.Release|Any CPU.ActiveCfg = Release|Any CPU
		{9FB9C954-D4B7-437B-93FD-33D6E60E7974}.Release|Any CPU.Build.0 = Release|Any CPU
		{8BA3129B-2FFE-4E29-A328-7919049A05F1}.Debug|Any CPU.ActiveCfg = Debug|Any CPU
		{8BA3129B-2FFE-4E29-A328-7919049A05F1}.Debug|Any CPU.Build.0 = Debug|Any CPU
		{8BA3129B-2FFE-4E29-A328-7919049A05F1}.Release|Any CPU.ActiveCfg = Release|Any CPU
		{8BA3129B-2FFE-4E29-A328-7919049A05F1}.Release|Any CPU.Build.0 = Release|Any CPU
		{C24687E8-4628-4761-B03E-2895328C0C59}.Debug|Any CPU.ActiveCfg = Debug|Any CPU
		{C24687E8-4628-4761-B03E-2895328C0C59}.Debug|Any CPU.Build.0 = Debug|Any CPU
		{C24687E8-4628-4761-B03E-2895328C0C59}.Release|Any CPU.ActiveCfg = Release|Any CPU
		{C24687E8-4628-4761-B03E-2895328C0C59}.Release|Any CPU.Build.0 = Release|Any CPU
	EndGlobalSection
	GlobalSection(SolutionProperties) = preSolution
		HideSolutionNode = FALSE
	EndGlobalSection
	GlobalSection(NestedProjects) = preSolution
		{DCADDA6D-0036-46F6-8A38-174640F8FEB3} = {73B2357C-7AF7-447B-A155-F24A59BB45AD}
		{F1516D44-DE6E-4998-B4A6-FBDC31F21292} = {73B2357C-7AF7-447B-A155-F24A59BB45AD}
		{98712D8D-86D4-4269-A570-C375A92D5B72} = {73B2357C-7AF7-447B-A155-F24A59BB45AD}
		{8792DDB1-845C-438B-8299-84E37DAC7186} = {1C102D26-66C5-4CFE-AE57-814C6E62D0D6}
		{E023F3D2-267B-4BFB-A3EB-87AAC8D20BFC} = {1C102D26-66C5-4CFE-AE57-814C6E62D0D6}
		{DD617AF6-8DFC-40B0-AEDF-3AF97AC148E9} = {1C102D26-66C5-4CFE-AE57-814C6E62D0D6}
		{0315A603-1DC2-4C4C-829F-2DC9DD58015E} = {E9C1DE7B-A096-4CB1-916B-DDEE91ED2C7E}
		{E82324F4-38A9-44C4-BEB6-8A7DAFDBC4CE} = {E9C1DE7B-A096-4CB1-916B-DDEE91ED2C7E}
		{E9C1DE7B-A096-4CB1-916B-DDEE91ED2C7E} = {1C102D26-66C5-4CFE-AE57-814C6E62D0D6}
		{D566A71B-556E-4FAE-9F5A-5F0AB9BBF2E6} = {1C102D26-66C5-4CFE-AE57-814C6E62D0D6}
		{67A84C9F-BBC1-4C3F-86C0-2AA5DEDCD49B} = {D566A71B-556E-4FAE-9F5A-5F0AB9BBF2E6}
		{C24687E8-4628-4761-B03E-2895328C0C59} = {1C102D26-66C5-4CFE-AE57-814C6E62D0D6}
	EndGlobalSection
	GlobalSection(ExtensibilityGlobals) = postSolution
		SolutionGuid = {A864E581-4224-45E5-B40C-01354CD679BD}
	EndGlobalSection
EndGlobal
